
Microsoft Visual Studio Solution File, Format Version 12.00
# Visual Studio Version 17
VisualStudioVersion = 17.12.35707.178 d17.12
MinimumVisualStudioVersion = 10.0.40219.1
Project("{FAE04EC0-301F-11D3-BF4B-00C04F79EFBC}") = "todoapi", "todoapi\todoapi.csproj", "{FAD1744E-1974-4E1A-A0E0-A4A76518267F}"
EndProject
Project("{2150E333-8FDC-42A3-9474-1A3956D46DE8}") = "Éléments de solution", "Éléments de solution", "{19057214-8ACD-4283-8FA3-716A1206877B}"
	ProjectSection(SolutionItems) = preProject
		todoapi\todoapi.csproj.user = todoapi\todoapi.csproj.user
	EndProjectSection
EndProject
Global
	GlobalSection(SolutionConfigurationPlatforms) = preSolution
		Debug|Any CPU = Debug|Any CPU
		Release|Any CPU = Release|Any CPU
	EndGlobalSection
	GlobalSection(ProjectConfigurationPlatforms) = postSolution
		{FAD1744E-1974-4E1A-A0E0-A4A76518267F}.Debug|Any CPU.ActiveCfg = Debug|Any CPU
		{FAD1744E-1974-4E1A-A0E0-A4A76518267F}.Debug|Any CPU.Build.0 = Debug|Any CPU
		{FAD1744E-1974-4E1A-A0E0-A4A76518267F}.Release|Any CPU.ActiveCfg = Release|Any CPU
		{FAD1744E-1974-4E1A-A0E0-A4A76518267F}.Release|Any CPU.Build.0 = Release|Any CPU
	EndGlobalSection
	GlobalSection(SolutionProperties) = preSolution
		HideSolutionNode = FALSE
	EndGlobalSection
EndGlobal
